// !$*UTF8*$!
{
	archiveVersion = 1;
	classes = {
	};
	objectVersion = 56;
	objects = {

/* Begin PBXBuildFile section */
		9356AB6629ACEF9700B7D132 /* TextFieldsUITests.swift in Sources */ = {isa = PBXBuildFile; fileRef = 9356AB6529ACEF9700B7D132 /* TextFieldsUITests.swift */; };
		9356AB6829ACEF9700B7D132 /* TextFieldsUITestsLaunchTests.swift in Sources */ = {isa = PBXBuildFile; fileRef = 9356AB6729ACEF9700B7D132 /* TextFieldsUITestsLaunchTests.swift */; };
		9356AB7529ACEFD300B7D132 /* TextFields_UnitTests.swift in Sources */ = {isa = PBXBuildFile; fileRef = 9356AB7429ACEFD300B7D132 /* TextFields_UnitTests.swift */; };
		9356AB7D29AEA57B00B7D132 /* ViewController.swift in Sources */ = {isa = PBXBuildFile; fileRef = 9379737529A8F61000FE59AF /* ViewController.swift */; };
		9379737229A8F61000FE59AF /* AppDelegate.swift in Sources */ = {isa = PBXBuildFile; fileRef = 9379737129A8F61000FE59AF /* AppDelegate.swift */; };
		9379737429A8F61000FE59AF /* SceneDelegate.swift in Sources */ = {isa = PBXBuildFile; fileRef = 9379737329A8F61000FE59AF /* SceneDelegate.swift */; };
		9379737629A8F61000FE59AF /* ViewController.swift in Sources */ = {isa = PBXBuildFile; fileRef = 9379737529A8F61000FE59AF /* ViewController.swift */; };
		9379737929A8F61000FE59AF /* Main.storyboard in Resources */ = {isa = PBXBuildFile; fileRef = 9379737729A8F61000FE59AF /* Main.storyboard */; };
		9379737B29A8F61300FE59AF /* Assets.xcassets in Resources */ = {isa = PBXBuildFile; fileRef = 9379737A29A8F61300FE59AF /* Assets.xcassets */; };
		9379737E29A8F61300FE59AF /* LaunchScreen.storyboard in Resources */ = {isa = PBXBuildFile; fileRef = 9379737C29A8F61300FE59AF /* LaunchScreen.storyboard */; };
/* End PBXBuildFile section */

/* Begin PBXContainerItemProxy section */
		9356AB6929ACEF9700B7D132 /* PBXContainerItemProxy */ = {
			isa = PBXContainerItemProxy;
			containerPortal = 9379736629A8F61000FE59AF /* Project object */;
			proxyType = 1;
			remoteGlobalIDString = 9379736D29A8F61000FE59AF;
			remoteInfo = TextFields;
		};
		9356AB7629ACEFD300B7D132 /* PBXContainerItemProxy */ = {
			isa = PBXContainerItemProxy;
			containerPortal = 9379736629A8F61000FE59AF /* Project object */;
			proxyType = 1;
			remoteGlobalIDString = 9379736D29A8F61000FE59AF;
			remoteInfo = TextFields;
		};
/* End PBXContainerItemProxy section */

/* Begin PBXFileReference section */
		9356AB6329ACEF9700B7D132 /* TextFieldsUITests.xctest */ = {isa = PBXFileReference; explicitFileType = wrapper.cfbundle; includeInIndex = 0; path = TextFieldsUITests.xctest; sourceTree = BUILT_PRODUCTS_DIR; };
		9356AB6529ACEF9700B7D132 /* TextFieldsUITests.swift */ = {isa = PBXFileReference; lastKnownFileType = sourcecode.swift; path = TextFieldsUITests.swift; sourceTree = "<group>"; };
		9356AB6729ACEF9700B7D132 /* TextFieldsUITestsLaunchTests.swift */ = {isa = PBXFileReference; lastKnownFileType = sourcecode.swift; path = TextFieldsUITestsLaunchTests.swift; sourceTree = "<group>"; };
		9356AB7229ACEFD300B7D132 /* TextFields_UnitTests.xctest */ = {isa = PBXFileReference; explicitFileType = wrapper.cfbundle; includeInIndex = 0; path = TextFields_UnitTests.xctest; sourceTree = BUILT_PRODUCTS_DIR; };
		9356AB7429ACEFD300B7D132 /* TextFields_UnitTests.swift */ = {isa = PBXFileReference; lastKnownFileType = sourcecode.swift; path = TextFields_UnitTests.swift; sourceTree = "<group>"; };
		9379736E29A8F61000FE59AF /* TextFields.app */ = {isa = PBXFileReference; explicitFileType = wrapper.application; includeInIndex = 0; path = TextFields.app; sourceTree = BUILT_PRODUCTS_DIR; };
		9379737129A8F61000FE59AF /* AppDelegate.swift */ = {isa = PBXFileReference; lastKnownFileType = sourcecode.swift; path = AppDelegate.swift; sourceTree = "<group>"; };
		9379737329A8F61000FE59AF /* SceneDelegate.swift */ = {isa = PBXFileReference; lastKnownFileType = sourcecode.swift; path = SceneDelegate.swift; sourceTree = "<group>"; };
		9379737529A8F61000FE59AF /* ViewController.swift */ = {isa = PBXFileReference; lastKnownFileType = sourcecode.swift; path = ViewController.swift; sourceTree = "<group>"; };
		9379737829A8F61000FE59AF /* Base */ = {isa = PBXFileReference; lastKnownFileType = file.storyboard; name = Base; path = Base.lproj/Main.storyboard; sourceTree = "<group>"; };
		9379737A29A8F61300FE59AF /* Assets.xcassets */ = {isa = PBXFileReference; lastKnownFileType = folder.assetcatalog; path = Assets.xcassets; sourceTree = "<group>"; };
		9379737D29A8F61300FE59AF /* Base */ = {isa = PBXFileReference; lastKnownFileType = file.storyboard; name = Base; path = Base.lproj/LaunchScreen.storyboard; sourceTree = "<group>"; };
		9379737F29A8F61300FE59AF /* Info.plist */ = {isa = PBXFileReference; lastKnownFileType = text.plist.xml; path = Info.plist; sourceTree = "<group>"; };
/* End PBXFileReference section */

/* Begin PBXFrameworksBuildPhase section */
		9356AB6029ACEF9700B7D132 /* Frameworks */ = {
			isa = PBXFrameworksBuildPhase;
			buildActionMask = 2147483647;
			files = (
			);
			runOnlyForDeploymentPostprocessing = 0;
		};
		9356AB6F29ACEFD300B7D132 /* Frameworks */ = {
			isa = PBXFrameworksBuildPhase;
			buildActionMask = 2147483647;
			files = (
			);
			runOnlyForDeploymentPostprocessing = 0;
		};
		9379736B29A8F61000FE59AF /* Frameworks */ = {
			isa = PBXFrameworksBuildPhase;
			buildActionMask = 2147483647;
			files = (
			);
			runOnlyForDeploymentPostprocessing = 0;
		};
/* End PBXFrameworksBuildPhase section */

/* Begin PBXGroup section */
		9356AB6429ACEF9700B7D132 /* TextFieldsUITests */ = {
			isa = PBXGroup;
			children = (
				9356AB6529ACEF9700B7D132 /* TextFieldsUITests.swift */,
				9356AB6729ACEF9700B7D132 /* TextFieldsUITestsLaunchTests.swift */,
			);
			path = TextFieldsUITests;
			sourceTree = "<group>";
		};
		9356AB7329ACEFD300B7D132 /* TextFields_UnitTests */ = {
			isa = PBXGroup;
			children = (
				9356AB7429ACEFD300B7D132 /* TextFields_UnitTests.swift */,
			);
			path = TextFields_UnitTests;
			sourceTree = "<group>";
		};
		9379736529A8F61000FE59AF = {
			isa = PBXGroup;
			children = (
				9379737029A8F61000FE59AF /* TextFields */,
				9356AB6429ACEF9700B7D132 /* TextFieldsUITests */,
				9356AB7329ACEFD300B7D132 /* TextFields_UnitTests */,
				9379736F29A8F61000FE59AF /* Products */,
			);
			sourceTree = "<group>";
		};
		9379736F29A8F61000FE59AF /* Products */ = {
			isa = PBXGroup;
			children = (
				9379736E29A8F61000FE59AF /* TextFields.app */,
				9356AB6329ACEF9700B7D132 /* TextFieldsUITests.xctest */,
				9356AB7229ACEFD300B7D132 /* TextFields_UnitTests.xctest */,
			);
			name = Products;
			sourceTree = "<group>";
		};
		9379737029A8F61000FE59AF /* TextFields */ = {
			isa = PBXGroup;
			children = (
				9379737129A8F61000FE59AF /* AppDelegate.swift */,
				9379737329A8F61000FE59AF /* SceneDelegate.swift */,
				9379737529A8F61000FE59AF /* ViewController.swift */,
				9379737729A8F61000FE59AF /* Main.storyboard */,
				9379737A29A8F61300FE59AF /* Assets.xcassets */,
				9379737C29A8F61300FE59AF /* LaunchScreen.storyboard */,
				9379737F29A8F61300FE59AF /* Info.plist */,
			);
			path = TextFields;
			sourceTree = "<group>";
		};
/* End PBXGroup section */

/* Begin PBXNativeTarget section */
		9356AB6229ACEF9700B7D132 /* TextFieldsUITests */ = {
			isa = PBXNativeTarget;
			buildConfigurationList = 9356AB6D29ACEF9700B7D132 /* Build configuration list for PBXNativeTarget "TextFieldsUITests" */;
			buildPhases = (
				9356AB5F29ACEF9700B7D132 /* Sources */,
				9356AB6029ACEF9700B7D132 /* Frameworks */,
				9356AB6129ACEF9700B7D132 /* Resources */,
			);
			buildRules = (
			);
			dependencies = (
				9356AB6A29ACEF9700B7D132 /* PBXTargetDependency */,
			);
			name = TextFieldsUITests;
			productName = TextFieldsUITests;
			productReference = 9356AB6329ACEF9700B7D132 /* TextFieldsUITests.xctest */;
			productType = "com.apple.product-type.bundle.ui-testing";
		};
		9356AB7129ACEFD300B7D132 /* TextFields_UnitTests */ = {
			isa = PBXNativeTarget;
			buildConfigurationList = 9356AB7829ACEFD300B7D132 /* Build configuration list for PBXNativeTarget "TextFields_UnitTests" */;
			buildPhases = (
				9356AB6E29ACEFD300B7D132 /* Sources */,
				9356AB6F29ACEFD300B7D132 /* Frameworks */,
				9356AB7029ACEFD300B7D132 /* Resources */,
			);
			buildRules = (
			);
			dependencies = (
				9356AB7729ACEFD300B7D132 /* PBXTargetDependency */,
			);
			name = TextFields_UnitTests;
			productName = TextFields_UnitTests;
			productReference = 9356AB7229ACEFD300B7D132 /* TextFields_UnitTests.xctest */;
			productType = "com.apple.product-type.bundle.unit-test";
		};
		9379736D29A8F61000FE59AF /* TextFields */ = {
			isa = PBXNativeTarget;
			buildConfigurationList = 9379738229A8F61300FE59AF /* Build configuration list for PBXNativeTarget "TextFields" */;
			buildPhases = (
				9379736A29A8F61000FE59AF /* Sources */,
				9379736B29A8F61000FE59AF /* Frameworks */,
				9379736C29A8F61000FE59AF /* Resources */,
			);
			buildRules = (
			);
			dependencies = (
			);
			name = TextFields;
			productName = TextFields;
			productReference = 9379736E29A8F61000FE59AF /* TextFields.app */;
			productType = "com.apple.product-type.application";
		};
/* End PBXNativeTarget section */

/* Begin PBXProject section */
		9379736629A8F61000FE59AF /* Project object */ = {
			isa = PBXProject;
			attributes = {
				BuildIndependentTargetsInParallel = 1;
				LastSwiftUpdateCheck = 1410;
				LastUpgradeCheck = 1410;
				TargetAttributes = {
					9356AB6229ACEF9700B7D132 = {
						CreatedOnToolsVersion = 14.1;
						TestTargetID = 9379736D29A8F61000FE59AF;
					};
					9356AB7129ACEFD300B7D132 = {
						CreatedOnToolsVersion = 14.1;
						TestTargetID = 9379736D29A8F61000FE59AF;
					};
					9379736D29A8F61000FE59AF = {
						CreatedOnToolsVersion = 14.1;
					};
				};
			};
			buildConfigurationList = 9379736929A8F61000FE59AF /* Build configuration list for PBXProject "TextFields" */;
			compatibilityVersion = "Xcode 14.0";
			developmentRegion = en;
			hasScannedForEncodings = 0;
			knownRegions = (
				en,
				Base,
			);
			mainGroup = 9379736529A8F61000FE59AF;
			productRefGroup = 9379736F29A8F61000FE59AF /* Products */;
			projectDirPath = "";
			projectRoot = "";
			targets = (
				9379736D29A8F61000FE59AF /* TextFields */,
				9356AB6229ACEF9700B7D132 /* TextFieldsUITests */,
				9356AB7129ACEFD300B7D132 /* TextFields_UnitTests */,
			);
		};
/* End PBXProject section */

/* Begin PBXResourcesBuildPhase section */
		9356AB6129ACEF9700B7D132 /* Resources */ = {
			isa = PBXResourcesBuildPhase;
			buildActionMask = 2147483647;
			files = (
			);
			runOnlyForDeploymentPostprocessing = 0;
		};
		9356AB7029ACEFD300B7D132 /* Resources */ = {
			isa = PBXResourcesBuildPhase;
			buildActionMask = 2147483647;
			files = (
			);
			runOnlyForDeploymentPostprocessing = 0;
		};
		9379736C29A8F61000FE59AF /* Resources */ = {
			isa = PBXResourcesBuildPhase;
			buildActionMask = 2147483647;
			files = (
				9379737E29A8F61300FE59AF /* LaunchScreen.storyboard in Resources */,
				9379737B29A8F61300FE59AF /* Assets.xcassets in Resources */,
				9379737929A8F61000FE59AF /* Main.storyboard in Resources */,
			);
			runOnlyForDeploymentPostprocessing = 0;
		};
/* End PBXResourcesBuildPhase section */

/* Begin PBXSourcesBuildPhase section */
		9356AB5F29ACEF9700B7D132 /* Sources */ = {
			isa = PBXSourcesBuildPhase;
			buildActionMask = 2147483647;
			files = (
				9356AB6829ACEF9700B7D132 /* TextFieldsUITestsLaunchTests.swift in Sources */,
				9356AB6629ACEF9700B7D132 /* TextFieldsUITests.swift in Sources */,
			);
			runOnlyForDeploymentPostprocessing = 0;
		};
		9356AB6E29ACEFD300B7D132 /* Sources */ = {
			isa = PBXSourcesBuildPhase;
			buildActionMask = 2147483647;
			files = (
				9356AB7D29AEA57B00B7D132 /* ViewController.swift in Sources */,
				9356AB7529ACEFD300B7D132 /* TextFields_UnitTests.swift in Sources */,
			);
			runOnlyForDeploymentPostprocessing = 0;
		};
		9379736A29A8F61000FE59AF /* Sources */ = {
			isa = PBXSourcesBuildPhase;
			buildActionMask = 2147483647;
			files = (
				9379737629A8F61000FE59AF /* ViewController.swift in Sources */,
				9379737229A8F61000FE59AF /* AppDelegate.swift in Sources */,
				9379737429A8F61000FE59AF /* SceneDelegate.swift in Sources */,
			);
			runOnlyForDeploymentPostprocessing = 0;
		};
/* End PBXSourcesBuildPhase section */

/* Begin PBXTargetDependency section */
		9356AB6A29ACEF9700B7D132 /* PBXTargetDependency */ = {
			isa = PBXTargetDependency;
			target = 9379736D29A8F61000FE59AF /* TextFields */;
			targetProxy = 9356AB6929ACEF9700B7D132 /* PBXContainerItemProxy */;
		};
		9356AB7729ACEFD300B7D132 /* PBXTargetDependency */ = {
			isa = PBXTargetDependency;
			target = 9379736D29A8F61000FE59AF /* TextFields */;
			targetProxy = 9356AB7629ACEFD300B7D132 /* PBXContainerItemProxy */;
		};
/* End PBXTargetDependency section */

/* Begin PBXVariantGroup section */
		9379737729A8F61000FE59AF /* Main.storyboard */ = {
			isa = PBXVariantGroup;
			children = (
				9379737829A8F61000FE59AF /* Base */,
			);
			name = Main.storyboard;
			sourceTree = "<group>";
		};
		9379737C29A8F61300FE59AF /* LaunchScreen.storyboard */ = {
			isa = PBXVariantGroup;
			children = (
				9379737D29A8F61300FE59AF /* Base */,
			);
			name = LaunchScreen.storyboard;
			sourceTree = "<group>";
		};
/* End PBXVariantGroup section */

/* Begin XCBuildConfiguration section */
		9356AB6B29ACEF9700B7D132 /* Debug */ = {
			isa = XCBuildConfiguration;
			buildSettings = {
				CODE_SIGN_STYLE = Automatic;
				CURRENT_PROJECT_VERSION = 1;
				DEVELOPMENT_TEAM = 63ZB4894ZK;
				GENERATE_INFOPLIST_FILE = YES;
				MARKETING_VERSION = 1.0;
				PRODUCT_BUNDLE_IDENTIFIER = com.testapp.TextFieldsUITests;
				PRODUCT_NAME = "$(TARGET_NAME)";
				SWIFT_EMIT_LOC_STRINGS = NO;
				SWIFT_VERSION = 5.0;
				TARGETED_DEVICE_FAMILY = "1,2";
				TEST_TARGET_NAME = TextFields;
			};
			name = Debug;
		};
		9356AB6C29ACEF9700B7D132 /* Release */ = {
			isa = XCBuildConfiguration;
			buildSettings = {
				CODE_SIGN_STYLE = Automatic;
				CURRENT_PROJECT_VERSION = 1;
				DEVELOPMENT_TEAM = 63ZB4894ZK;
				GENERATE_INFOPLIST_FILE = YES;
				MARKETING_VERSION = 1.0;
				PRODUCT_BUNDLE_IDENTIFIER = com.testapp.TextFieldsUITests;
				PRODUCT_NAME = "$(TARGET_NAME)";
				SWIFT_EMIT_LOC_STRINGS = NO;
				SWIFT_VERSION = 5.0;
				TARGETED_DEVICE_FAMILY = "1,2";
				TEST_TARGET_NAME = TextFields;
			};
			name = Release;
		};
		9356AB7929ACEFD300B7D132 /* Debug */ = {
			isa = XCBuildConfiguration;
			buildSettings = {
				BUNDLE_LOADER = "$(TEST_HOST)";
				CODE_SIGN_STYLE = Automatic;
				CURRENT_PROJECT_VERSION = 1;
				DEVELOPMENT_TEAM = 63ZB4894ZK;
				GENERATE_INFOPLIST_FILE = YES;
				MARKETING_VERSION = 1.0;
				PRODUCT_BUNDLE_IDENTIFIER = "com.testapp.TextFields-UnitTests";
				PRODUCT_NAME = "$(TARGET_NAME)";
				SWIFT_EMIT_LOC_STRINGS = NO;
				SWIFT_VERSION = 5.0;
				TARGETED_DEVICE_FAMILY = "1,2";
				TEST_HOST = "$(BUILT_PRODUCTS_DIR)/TextFields.app/$(BUNDLE_EXECUTABLE_FOLDER_PATH)/TextFields";
			};
			name = Debug;
		};
		9356AB7A29ACEFD300B7D132 /* Release */ = {
			isa = XCBuildConfiguration;
			buildSettings = {
				BUNDLE_LOADER = "$(TEST_HOST)";
				CODE_SIGN_STYLE = Automatic;
				CURRENT_PROJECT_VERSION = 1;
				DEVELOPMENT_TEAM = 63ZB4894ZK;
				GENERATE_INFOPLIST_FILE = YES;
				MARKETING_VERSION = 1.0;
				PRODUCT_BUNDLE_IDENTIFIER = "com.testapp.TextFields-UnitTests";
				PRODUCT_NAME = "$(TARGET_NAME)";
				SWIFT_EMIT_LOC_STRINGS = NO;
				SWIFT_VERSION = 5.0;
				TARGETED_DEVICE_FAMILY = "1,2";
				TEST_HOST = "$(BUILT_PRODUCTS_DIR)/TextFields.app/$(BUNDLE_EXECUTABLE_FOLDER_PATH)/TextFields";
			};
			name = Release;
		};
		9379738029A8F61300FE59AF /* Debug */ = {
			isa = XCBuildConfiguration;
			buildSettings = {
				ALWAYS_SEARCH_USER_PATHS = NO;
				CLANG_ANALYZER_NONNULL = YES;
				CLANG_ANALYZER_NUMBER_OBJECT_CONVERSION = YES_AGGRESSIVE;
				CLANG_CXX_LANGUAGE_STANDARD = "gnu++20";
				CLANG_ENABLE_MODULES = YES;
				CLANG_ENABLE_OBJC_ARC = YES;
				CLANG_ENABLE_OBJC_WEAK = YES;
				CLANG_WARN_BLOCK_CAPTURE_AUTORELEASING = YES;
				CLANG_WARN_BOOL_CONVERSION = YES;
				CLANG_WARN_COMMA = YES;
				CLANG_WARN_CONSTANT_CONVERSION = YES;
				CLANG_WARN_DEPRECATED_OBJC_IMPLEMENTATIONS = YES;
				CLANG_WARN_DIRECT_OBJC_ISA_USAGE = YES_ERROR;
				CLANG_WARN_DOCUMENTATION_COMMENTS = YES;
				CLANG_WARN_EMPTY_BODY = YES;
				CLANG_WARN_ENUM_CONVERSION = YES;
				CLANG_WARN_INFINITE_RECURSION = YES;
				CLANG_WARN_INT_CONVERSION = YES;
				CLANG_WARN_NON_LITERAL_NULL_CONVERSION = YES;
				CLANG_WARN_OBJC_IMPLICIT_RETAIN_SELF = YES;
				CLANG_WARN_OBJC_LITERAL_CONVERSION = YES;
				CLANG_WARN_OBJC_ROOT_CLASS = YES_ERROR;
				CLANG_WARN_QUOTED_INCLUDE_IN_FRAMEWORK_HEADER = YES;
				CLANG_WARN_RANGE_LOOP_ANALYSIS = YES;
				CLANG_WARN_STRICT_PROTOTYPES = YES;
				CLANG_WARN_SUSPICIOUS_MOVE = YES;
				CLANG_WARN_UNGUARDED_AVAILABILITY = YES_AGGRESSIVE;
				CLANG_WARN_UNREACHABLE_CODE = YES;
				CLANG_WARN__DUPLICATE_METHOD_MATCH = YES;
				COPY_PHASE_STRIP = NO;
				DEBUG_INFORMATION_FORMAT = dwarf;
				ENABLE_STRICT_OBJC_MSGSEND = YES;
				ENABLE_TESTABILITY = YES;
				GCC_C_LANGUAGE_STANDARD = gnu11;
				GCC_DYNAMIC_NO_PIC = NO;
				GCC_NO_COMMON_BLOCKS = YES;
				GCC_OPTIMIZATION_LEVEL = 0;
				GCC_PREPROCESSOR_DEFINITIONS = (
					"DEBUG=1",
					"$(inherited)",
				);
				GCC_WARN_64_TO_32_BIT_CONVERSION = YES;
				GCC_WARN_ABOUT_RETURN_TYPE = YES_ERROR;
				GCC_WARN_UNDECLARED_SELECTOR = YES;
				GCC_WARN_UNINITIALIZED_AUTOS = YES_AGGRESSIVE;
				GCC_WARN_UNUSED_FUNCTION = YES;
				GCC_WARN_UNUSED_VARIABLE = YES;
				IPHONEOS_DEPLOYMENT_TARGET = 16.1;
				MTL_ENABLE_DEBUG_INFO = INCLUDE_SOURCE;
				MTL_FAST_MATH = YES;
				ONLY_ACTIVE_ARCH = YES;
				SDKROOT = iphoneos;
				SWIFT_ACTIVE_COMPILATION_CONDITIONS = DEBUG;
				SWIFT_OPTIMIZATION_LEVEL = "-Onone";
			};
			name = Debug;
		};
		9379738129A8F61300FE59AF /* Release */ = {
			isa = XCBuildConfiguration;
			buildSettings = {
				ALWAYS_SEARCH_USER_PATHS = NO;
				CLANG_ANALYZER_NONNULL = YES;
				CLANG_ANALYZER_NUMBER_OBJECT_CONVERSION = YES_AGGRESSIVE;
				CLANG_CXX_LANGUAGE_STANDARD = "gnu++20";
				CLANG_ENABLE_MODULES = YES;
				CLANG_ENABLE_OBJC_ARC = YES;
				CLANG_ENABLE_OBJC_WEAK = YES;
				CLANG_WARN_BLOCK_CAPTURE_AUTORELEASING = YES;
				CLANG_WARN_BOOL_CONVERSION = YES;
				CLANG_WARN_COMMA = YES;
				CLANG_WARN_CONSTANT_CONVERSION = YES;
				CLANG_WARN_DEPRECATED_OBJC_IMPLEMENTATIONS = YES;
				CLANG_WARN_DIRECT_OBJC_ISA_USAGE = YES_ERROR;
				CLANG_WARN_DOCUMENTATION_COMMENTS = YES;
				CLANG_WARN_EMPTY_BODY = YES;
				CLANG_WARN_ENUM_CONVERSION = YES;
				CLANG_WARN_INFINITE_RECURSION = YES;
				CLANG_WARN_INT_CONVERSION = YES;
				CLANG_WARN_NON_LITERAL_NULL_CONVERSION = YES;
				CLANG_WARN_OBJC_IMPLICIT_RETAIN_SELF = YES;
				CLANG_WARN_OBJC_LITERAL_CONVERSION = YES;
				CLANG_WARN_OBJC_ROOT_CLASS = YES_ERROR;
				CLANG_WARN_QUOTED_INCLUDE_IN_FRAMEWORK_HEADER = YES;
				CLANG_WARN_RANGE_LOOP_ANALYSIS = YES;
				CLANG_WARN_STRICT_PROTOTYPES = YES;
				CLANG_WARN_SUSPICIOUS_MOVE = YES;
				CLANG_WARN_UNGUARDED_AVAILABILITY = YES_AGGRESSIVE;
				CLANG_WARN_UNREACHABLE_CODE = YES;
				CLANG_WARN__DUPLICATE_METHOD_MATCH = YES;
				COPY_PHASE_STRIP = NO;
				DEBUG_INFORMATION_FORMAT = "dwarf-with-dsym";
				ENABLE_NS_ASSERTIONS = NO;
				ENABLE_STRICT_OBJC_MSGSEND = YES;
				GCC_C_LANGUAGE_STANDARD = gnu11;
				GCC_NO_COMMON_BLOCKS = YES;
				GCC_WARN_64_TO_32_BIT_CONVERSION = YES;
				GCC_WARN_ABOUT_RETURN_TYPE = YES_ERROR;
				GCC_WARN_UNDECLARED_SELECTOR = YES;
				GCC_WARN_UNINITIALIZED_AUTOS = YES_AGGRESSIVE;
				GCC_WARN_UNUSED_FUNCTION = YES;
				GCC_WARN_UNUSED_VARIABLE = YES;
				IPHONEOS_DEPLOYMENT_TARGET = 16.1;
				MTL_ENABLE_DEBUG_INFO = NO;
				MTL_FAST_MATH = YES;
				SDKROOT = iphoneos;
				SWIFT_COMPILATION_MODE = wholemodule;
				SWIFT_OPTIMIZATION_LEVEL = "-O";
				VALIDATE_PRODUCT = YES;
			};
			name = Release;
		};
		9379738329A8F61300FE59AF /* Debug */ = {
			isa = XCBuildConfiguration;
			buildSettings = {
				ASSETCATALOG_COMPILER_APPICON_NAME = AppIcon;
				ASSETCATALOG_COMPILER_GLOBAL_ACCENT_COLOR_NAME = AccentColor;
				CODE_SIGN_STYLE = Automatic;
				CURRENT_PROJECT_VERSION = 1;
				DEVELOPMENT_TEAM = 63ZB4894ZK;
				GENERATE_INFOPLIST_FILE = YES;
				INFOPLIST_FILE = TextFields/Info.plist;
				INFOPLIST_KEY_UIApplicationSupportsIndirectInputEvents = YES;
				INFOPLIST_KEY_UILaunchStoryboardName = LaunchScreen;
				INFOPLIST_KEY_UIMainStoryboardFile = Main;
				INFOPLIST_KEY_UISupportedInterfaceOrientations_iPad = "UIInterfaceOrientationPortrait UIInterfaceOrientationPortraitUpsideDown UIInterfaceOrientationLandscapeLeft UIInterfaceOrientationLandscapeRight";
				INFOPLIST_KEY_UISupportedInterfaceOrientations_iPhone = "UIInterfaceOrientationPortrait UIInterfaceOrientationLandscapeLeft UIInterfaceOrientationLandscapeRight";
				LD_RUNPATH_SEARCH_PATHS = (
					"$(inherited)",
					"@executable_path/Frameworks",
				);
				MARKETING_VERSION = 1.0;
				PRODUCT_BUNDLE_IDENTIFIER = com.testapp.TextFields;
				PRODUCT_NAME = "$(TARGET_NAME)";
				SWIFT_EMIT_LOC_STRINGS = YES;
				SWIFT_VERSION = 5.0;
				TARGETED_DEVICE_FAMILY = "1,2";
			};
			name = Debug;
		};
		9379738429A8F61300FE59AF /* Release */ = {
			isa = XCBuildConfiguration;
			buildSettings = {
				ASSETCATALOG_COMPILER_APPICON_NAME = AppIcon;
				ASSETCATALOG_COMPILER_GLOBAL_ACCENT_COLOR_NAME = AccentColor;
				CODE_SIGN_STYLE = Automatic;
				CURRENT_PROJECT_VERSION = 1;
				DEVELOPMENT_TEAM = 63ZB4894ZK;
				GENERATE_INFOPLIST_FILE = YES;
				INFOPLIST_FILE = TextFields/Info.plist;
				INFOPLIST_KEY_UIApplicationSupportsIndirectInputEvents = YES;
				INFOPLIST_KEY_UILaunchStoryboardName = LaunchScreen;
				INFOPLIST_KEY_UIMainStoryboardFile = Main;
				INFOPLIST_KEY_UISupportedInterfaceOrientations_iPad = "UIInterfaceOrientationPortrait UIInterfaceOrientationPortraitUpsideDown UIInterfaceOrientationLandscapeLeft UIInterfaceOrientationLandscapeRight";
				INFOPLIST_KEY_UISupportedInterfaceOrientations_iPhone = "UIInterfaceOrientationPortrait UIInterfaceOrientationLandscapeLeft UIInterfaceOrientationLandscapeRight";
				LD_RUNPATH_SEARCH_PATHS = (
					"$(inherited)",
					"@executable_path/Frameworks",
				);
				MARKETING_VERSION = 1.0;
				PRODUCT_BUNDLE_IDENTIFIER = com.testapp.TextFields;
				PRODUCT_NAME = "$(TARGET_NAME)";
				SWIFT_EMIT_LOC_STRINGS = YES;
				SWIFT_VERSION = 5.0;
				TARGETED_DEVICE_FAMILY = "1,2";
			};
			name = Release;
		};
/* End XCBuildConfiguration section */

/* Begin XCConfigurationList section */
		9356AB6D29ACEF9700B7D132 /* Build configuration list for PBXNativeTarget "TextFieldsUITests" */ = {
			isa = XCConfigurationList;
			buildConfigurations = (
				9356AB6B29ACEF9700B7D132 /* Debug */,
				9356AB6C29ACEF9700B7D132 /* Release */,
			);
			defaultConfigurationIsVisible = 0;
			defaultConfigurationName = Release;
		};
		9356AB7829ACEFD300B7D132 /* Build configuration list for PBXNativeTarget "TextFields_UnitTests" */ = {
			isa = XCConfigurationList;
			buildConfigurations = (
				9356AB7929ACEFD300B7D132 /* Debug */,
				9356AB7A29ACEFD300B7D132 /* Release */,
			);
			defaultConfigurationIsVisible = 0;
			defaultConfigurationName = Release;
		};
		9379736929A8F61000FE59AF /* Build configuration list for PBXProject "TextFields" */ = {
			isa = XCConfigurationList;
			buildConfigurations = (
				9379738029A8F61300FE59AF /* Debug */,
				9379738129A8F61300FE59AF /* Release */,
			);
			defaultConfigurationIsVisible = 0;
			defaultConfigurationName = Release;
		};
		9379738229A8F61300FE59AF /* Build configuration list for PBXNativeTarget "TextFields" */ = {
			isa = XCConfigurationList;
			buildConfigurations = (
				9379738329A8F61300FE59AF /* Debug */,
				9379738429A8F61300FE59AF /* Release */,
			);
			defaultConfigurationIsVisible = 0;
			defaultConfigurationName = Release;
		};
/* End XCConfigurationList section */
	};
	rootObject = 9379736629A8F61000FE59AF /* Project object */;
}
